
Microsoft Visual Studio Solution File, Format Version 12.00
# Visual Studio Version 17
VisualStudioVersion = 17.3.32922.545
MinimumVisualStudioVersion = 10.0.40219.1
Project("{FAE04EC0-301F-11D3-BF4B-00C04F79EFBC}") = "DEMOGIT", "DEMOGIT\DEMOGIT.csproj", "{EA2EE901-FC9D-4DAA-915E-66F5BA5D531C}"
EndProject
Global
	GlobalSection(SolutionConfigurationPlatforms) = preSolution
		Debug|Any CPU = Debug|Any CPU
		Release|Any CPU = Release|Any CPU
	EndGlobalSection
	GlobalSection(ProjectConfigurationPlatforms) = postSolution
		{EA2EE901-FC9D-4DAA-915E-66F5BA5D531C}.Debug|Any CPU.ActiveCfg = Debug|Any CPU
		{EA2EE901-FC9D-4DAA-915E-66F5BA5D531C}.Debug|Any CPU.Build.0 = Debug|Any CPU
		{EA2EE901-FC9D-4DAA-915E-66F5BA5D531C}.Release|Any CPU.ActiveCfg = Release|Any CPU
		{EA2EE901-FC9D-4DAA-915E-66F5BA5D531C}.Release|Any CPU.Build.0 = Release|Any CPU
	EndGlobalSection
	GlobalSection(SolutionProperties) = preSolution
		HideSolutionNode = FALSE
	EndGlobalSection
	GlobalSection(ExtensibilityGlobals) = postSolution
		SolutionGuid = {C6E21CFD-4FE5-472F-8A24-4C618F193A5F}
	EndGlobalSection
EndGlobal
